
Microsoft Visual Studio Solution File, Format Version 12.00
# Visual Studio 15
VisualStudioVersion = 15.0.33529.398
MinimumVisualStudioVersion = 10.0.40219.1
Project("{F184B08F-C81C-45F6-A57F-5ABD9991F28F}") = "Stickman", "Stickman\Stickman.vbproj", "{F4E5382F-5610-4A43-8308-E53577AAF39D}"
EndProject
Global
	GlobalSection(SolutionConfigurationPlatforms) = preSolution
		Debug|Any CPU = Debug|Any CPU
		Release|Any CPU = Release|Any CPU
	EndGlobalSection
	GlobalSection(ProjectConfigurationPlatforms) = postSolution
		{F4E5382F-5610-4A43-8308-E53577AAF39D}.Debug|Any CPU.ActiveCfg = Debug|Any CPU
		{F4E5382F-5610-4A43-8308-E53577AAF39D}.Debug|Any CPU.Build.0 = Debug|Any CPU
		{F4E5382F-5610-4A43-8308-E53577AAF39D}.Release|Any CPU.ActiveCfg = Release|Any CPU
		{F4E5382F-5610-4A43-8308-E53577AAF39D}.Release|Any CPU.Build.0 = Release|Any CPU
	EndGlobalSection
	GlobalSection(SolutionProperties) = preSolution
		HideSolutionNode = FALSE
	EndGlobalSection
	GlobalSection(ExtensibilityGlobals) = postSolution
		SolutionGuid = {5C669D00-F7ED-477E-894D-C939CECB704F}
	EndGlobalSection
EndGlobal
