
Microsoft Visual Studio Solution File, Format Version 12.00
# Visual Studio 15
VisualStudioVersion = 15.0.33529.398
MinimumVisualStudioVersion = 10.0.40219.1
Project("{F184B08F-C81C-45F6-A57F-5ABD9991F28F}") = "RocketPower", "RocketPower\RocketPower.vbproj", "{92DC6718-5208-43DA-BFF3-40ABDB942868}"
EndProject
Global
	GlobalSection(SolutionConfigurationPlatforms) = preSolution
		Debug|Any CPU = Debug|Any CPU
		Release|Any CPU = Release|Any CPU
	EndGlobalSection
	GlobalSection(ProjectConfigurationPlatforms) = postSolution
		{92DC6718-5208-43DA-BFF3-40ABDB942868}.Debug|Any CPU.ActiveCfg = Debug|Any CPU
		{92DC6718-5208-43DA-BFF3-40ABDB942868}.Debug|Any CPU.Build.0 = Debug|Any CPU
		{92DC6718-5208-43DA-BFF3-40ABDB942868}.Release|Any CPU.ActiveCfg = Release|Any CPU
		{92DC6718-5208-43DA-BFF3-40ABDB942868}.Release|Any CPU.Build.0 = Release|Any CPU
	EndGlobalSection
	GlobalSection(SolutionProperties) = preSolution
		HideSolutionNode = FALSE
	EndGlobalSection
	GlobalSection(ExtensibilityGlobals) = postSolution
		SolutionGuid = {B9D0583E-A82E-4006-AF2B-525651AD9A15}
	EndGlobalSection
EndGlobal
